<?xml version="1.0" encoding="utf-8"?>
<Project ToolsVersion="4.0" xmlns="http://schemas.microsoft.com/developer/msbuild/2003">
  <ItemGroup>
    <Filter Include="ソース ファイル">
      <UniqueIdentifier>{4FC737F1-C7A5-4376-A066-2A32D752A2FF}</UniqueIdentifier>
      <Extensions>cpp;c;cc;cxx;c++;cppm;ixx;def;odl;idl;hpj;bat;asm;asmx</Extensions>
    </Filter>
    <Filter Include="ヘッダー ファイル">
      <UniqueIdentifier>{93995380-89BD-4b04-88EB-625FBE52EBFB}</UniqueIdentifier>
      <Extensions>h;hh;hpp;hxx;h++;hm;inl;inc;ipp;xsd</Extensions>
    </Filter>
    <Filter Include="リソース ファイル">
      <UniqueIdentifier>{67DA6AB6-F800-4c08-8B7A-83BB121AAD01}</UniqueIdentifier>
      <Extensions>rc;ico;cur;bmp;dlg;rc2;rct;bin;rgs;gif;jpg;jpeg;jpe;resx;tiff;tif;png;wav;mfcribbon-ms</Extensions>
    </Filter>
    <Filter Include="ソース ファイル\Engine">
      <UniqueIdentifier>{2a02bfa7-f7fd-4d79-ac0f-c41015d5af3c}</UniqueIdentifier>
    </Filter>
    <Filter Include="ヘッダー ファイル\Engine">
      <UniqueIdentifier>{6396ddc2-5ddc-447b-b1dd-f88f85ea529b}</UniqueIdentifier>
    </Filter>
    <Filter Include="ヘッダー ファイル\Engine\Base">
      <UniqueIdentifier>{e981cfa6-70ce-40fc-8a40-8b1849985952}</UniqueIdentifier>
    </Filter>
    <Filter Include="ソース ファイル\Engine\Base">
      <UniqueIdentifier>{e2719f0e-3a6f-491b-947f-bf00da11393e}</UniqueIdentifier>
    </Filter>
    <Filter Include="ヘッダー ファイル\Engine\2D">
      <UniqueIdentifier>{9dccf76f-a7ff-409a-a25c-71f51c53a332}</UniqueIdentifier>
    </Filter>
    <Filter Include="ヘッダー ファイル\Engine\3D">
      <UniqueIdentifier>{7e93f3c3-fd1a-42a1-8faa-fe2035756413}</UniqueIdentifier>
    </Filter>
    <Filter Include="ソース ファイル\Engine\3D">
      <UniqueIdentifier>{7457a1ac-d243-45e3-afb0-0d956030b8c6}</UniqueIdentifier>
    </Filter>
    <Filter Include="ソース ファイル\Engine\2D">
      <UniqueIdentifier>{57193943-8336-4f58-8f10-409980e7c7cb}</UniqueIdentifier>
    </Filter>
    <Filter Include="ヘッダー ファイル\Engine\Utility">
      <UniqueIdentifier>{a2e487c7-5394-49f6-b643-fd271584c05e}</UniqueIdentifier>
    </Filter>
    <Filter Include="ソース ファイル\Engine\Utility">
      <UniqueIdentifier>{1f62e0ad-8425-40a3-a7fb-900c6c3262aa}</UniqueIdentifier>
    </Filter>
    <Filter Include="ソース ファイル\Engine\Components">
      <UniqueIdentifier>{569d3286-d161-4c2e-8a28-339d833d804b}</UniqueIdentifier>
    </Filter>
    <Filter Include="ヘッダー ファイル\Engine\Components">
      <UniqueIdentifier>{f2d42a09-e4b0-4c50-9157-36dcaf948ee8}</UniqueIdentifier>
    </Filter>
    <Filter Include="ソース ファイル\Project">
      <UniqueIdentifier>{fe947c52-a9c2-401f-bfbe-5bf30d143699}</UniqueIdentifier>
    </Filter>
    <Filter Include="ヘッダー ファイル\Project">
      <UniqueIdentifier>{d67e9a18-edd2-4767-a6a6-af7a2b53ead3}</UniqueIdentifier>
    </Filter>
    <Filter Include="ソース ファイル\Project\Game">
      <UniqueIdentifier>{f603191f-e549-4e90-afc7-eef90770b8c9}</UniqueIdentifier>
    </Filter>
    <Filter Include="ヘッダー ファイル\Project\Game">
      <UniqueIdentifier>{be441f0d-3b40-4116-9294-46c7f8940440}</UniqueIdentifier>
    </Filter>
    <Filter Include="ソース ファイル\Project\GameObject">
      <UniqueIdentifier>{4dc2f1ca-2d88-4b81-990b-6e000028da1d}</UniqueIdentifier>
    </Filter>
    <Filter Include="ヘッダー ファイル\Project\GameObject">
      <UniqueIdentifier>{213c45a3-5e67-4523-9142-ea0ce6d14ffe}</UniqueIdentifier>
    </Filter>
    <Filter Include="ソース ファイル\Engine\3D\Model">
      <UniqueIdentifier>{78faedab-7b58-4d76-8524-535ebc3e3ca5}</UniqueIdentifier>
    </Filter>
    <Filter Include="ヘッダー ファイル\Engine\3D\Model">
      <UniqueIdentifier>{ca6bf555-1928-45e9-a349-3c12293df50b}</UniqueIdentifier>
    </Filter>
    <Filter Include="ソース ファイル\Engine\3D\Matrix">
      <UniqueIdentifier>{bb42b41d-29e8-4b8e-9008-46b925d219c6}</UniqueIdentifier>
    </Filter>
    <Filter Include="ヘッダー ファイル\Engine\3D\Matrix">
      <UniqueIdentifier>{378cd992-ca32-4d03-8329-c287d19055f2}</UniqueIdentifier>
    </Filter>
    <Filter Include="ソース ファイル\Engine\3D\DebugCamera">
      <UniqueIdentifier>{af3f6117-1fdd-44d3-b9a1-e0311f5d2b4d}</UniqueIdentifier>
    </Filter>
    <Filter Include="ヘッダー ファイル\Engine\3D\DebugCamera">
      <UniqueIdentifier>{e7f80906-6dfe-4acc-8390-eb2ed66d0927}</UniqueIdentifier>
    </Filter>
    <Filter Include="ヘッダー ファイル\Engine\Utility\CollisionManager">
      <UniqueIdentifier>{2e94a498-1495-4898-b56b-c3f377b60234}</UniqueIdentifier>
    </Filter>
    <Filter Include="ソース ファイル\Engine\Utility\CollisionManager">
      <UniqueIdentifier>{4600378d-0f99-4855-873e-992747dec12f}</UniqueIdentifier>
    </Filter>
    <Filter Include="ソース ファイル\Engine\Components\Particle">
      <UniqueIdentifier>{5c7d3c31-3ccb-44d9-b8e1-44e68d8d807d}</UniqueIdentifier>
    </Filter>
    <Filter Include="ヘッダー ファイル\Engine\Components\Particle">
      <UniqueIdentifier>{11984a2d-85e0-44fc-ad3e-0cd5d4b88fdf}</UniqueIdentifier>
    </Filter>
    <Filter Include="ImGui">
      <UniqueIdentifier>{545d9a07-f7bf-4db7-8b4c-e45268542237}</UniqueIdentifier>
    </Filter>
    <Filter Include="Shader">
      <UniqueIdentifier>{de3f9224-098b-4c48-8260-fa6a820477ee}</UniqueIdentifier>
    </Filter>
    <Filter Include="ソース ファイル\Project\Player">
      <UniqueIdentifier>{61642084-8d64-446f-9734-438466fc8ee4}</UniqueIdentifier>
    </Filter>
    <Filter Include="ヘッダー ファイル\Project\Player">
      <UniqueIdentifier>{08976c55-26dd-48f6-b249-8b150ffbdac1}</UniqueIdentifier>
    </Filter>
  </ItemGroup>
  <ItemGroup>
    <ClCompile Include="main.cpp">
      <Filter>ソース ファイル</Filter>
    </ClCompile>
    <ClCompile Include="Engine\2D\ImGuiManager.cpp">
      <Filter>ソース ファイル\Engine\2D</Filter>
    </ClCompile>
    <ClCompile Include="Engine\2D\Sprite.cpp">
      <Filter>ソース ファイル\Engine\2D</Filter>
    </ClCompile>
    <ClCompile Include="Engine\3D\Model\DirectionalLight.cpp">
      <Filter>ソース ファイル\Engine\3D\Model</Filter>
    </ClCompile>
    <ClCompile Include="Engine\3D\Model\Material.cpp">
      <Filter>ソース ファイル\Engine\3D\Model</Filter>
    </ClCompile>
    <ClCompile Include="Engine\3D\Model\Mesh.cpp">
      <Filter>ソース ファイル\Engine\3D\Model</Filter>
    </ClCompile>
    <ClCompile Include="Engine\3D\Model\Model.cpp">
      <Filter>ソース ファイル\Engine\3D\Model</Filter>
    </ClCompile>
    <ClCompile Include="Engine\3D\Model\ParticleModel.cpp">
      <Filter>ソース ファイル\Engine\3D\Model</Filter>
    </ClCompile>
    <ClCompile Include="Engine\3D\Matrix\WorldTransform.cpp">
      <Filter>ソース ファイル\Engine\3D\Matrix</Filter>
    </ClCompile>
    <ClCompile Include="Engine\3D\Matrix\ViewProjection.cpp">
      <Filter>ソース ファイル\Engine\3D\Matrix</Filter>
    </ClCompile>
    <ClCompile Include="Engine\3D\DebugCamera\DebugCamera.cpp">
      <Filter>ソース ファイル\Engine\3D\DebugCamera</Filter>
    </ClCompile>
    <ClCompile Include="Engine\Base\WinApp.cpp">
      <Filter>ソース ファイル\Engine\Base</Filter>
    </ClCompile>
    <ClCompile Include="Engine\Base\TextureManager.cpp">
      <Filter>ソース ファイル\Engine\Base</Filter>
    </ClCompile>
    <ClCompile Include="Engine\Base\FireControlSystem.cpp">
      <Filter>ソース ファイル\Engine\Base</Filter>
    </ClCompile>
    <ClCompile Include="Engine\Components\PostProcess.cpp">
      <Filter>ソース ファイル\Engine\Components</Filter>
    </ClCompile>
    <ClCompile Include="Engine\Components\Input.cpp">
      <Filter>ソース ファイル\Engine\Components</Filter>
    </ClCompile>
    <ClCompile Include="Engine\Components\Audio.cpp">
      <Filter>ソース ファイル\Engine\Components</Filter>
    </ClCompile>
    <ClCompile Include="Engine\Components\Particle\BaseParticle.cpp">
      <Filter>ソース ファイル\Engine\Components\Particle</Filter>
    </ClCompile>
    <ClCompile Include="Engine\Components\Particle\EmitterBuilder.cpp">
      <Filter>ソース ファイル\Engine\Components\Particle</Filter>
    </ClCompile>
    <ClCompile Include="Engine\Components\Particle\ParticleEmitter.cpp">
      <Filter>ソース ファイル\Engine\Components\Particle</Filter>
    </ClCompile>
    <ClCompile Include="Engine\Components\Particle\ParticleSystem.cpp">
      <Filter>ソース ファイル\Engine\Components\Particle</Filter>
    </ClCompile>
    <ClCompile Include="Engine\Utility\CollisionManager\CollisionManager.cpp">
      <Filter>ソース ファイル\Engine\Utility\CollisionManager</Filter>
    </ClCompile>
    <ClCompile Include="Engine\Utility\GlobalVariables.cpp">
      <Filter>ソース ファイル\Engine\Utility</Filter>
    </ClCompile>
    <ClCompile Include="Engine\Utility\Log.cpp">
      <Filter>ソース ファイル\Engine\Utility</Filter>
    </ClCompile>
    <ClCompile Include="Engine\Utility\MathFunction.cpp">
      <Filter>ソース ファイル\Engine\Utility</Filter>
    </ClCompile>
    <ClCompile Include="Engine\Utility\Random.cpp">
      <Filter>ソース ファイル\Engine\Utility</Filter>
    </ClCompile>
    <ClCompile Include="Engine\Externals\imgui\imgui.cpp">
      <Filter>ImGui</Filter>
    </ClCompile>
    <ClCompile Include="Engine\Externals\imgui\imgui_demo.cpp">
      <Filter>ImGui</Filter>
    </ClCompile>
    <ClCompile Include="Engine\Externals\imgui\imgui_draw.cpp">
      <Filter>ImGui</Filter>
    </ClCompile>
    <ClCompile Include="Engine\Externals\imgui\imgui_impl_dx12.cpp">
      <Filter>ImGui</Filter>
    </ClCompile>
    <ClCompile Include="Engine\Externals\imgui\imgui_impl_win32.cpp">
      <Filter>ImGui</Filter>
    </ClCompile>
    <ClCompile Include="Engine\Externals\imgui\imgui_tables.cpp">
      <Filter>ImGui</Filter>
    </ClCompile>
    <ClCompile Include="Engine\Externals\imgui\imgui_widgets.cpp">
      <Filter>ImGui</Filter>
    </ClCompile>
    <ClCompile Include="Project\Game\GameManager.cpp">
      <Filter>ソース ファイル\Project\Game</Filter>
    </ClCompile>
    <ClCompile Include="Project\Game\GameScene.cpp">
      <Filter>ソース ファイル\Project\Game</Filter>
    </ClCompile>
    <ClCompile Include="Project\Player\Player.cpp">
      <Filter>ソース ファイル\Project\Player</Filter>
    </ClCompile>
    <ClCompile Include="Project\Components\GamePad.cpp">
      <Filter>ソース ファイル</Filter>
    </ClCompile>
    <ClCompile Include="Project\Block.cpp">
      <Filter>ソース ファイル</Filter>
    </ClCompile>
  </ItemGroup>
  <ItemGroup>
    <ClInclude Include="Engine\2D\Sprite.h">
      <Filter>ヘッダー ファイル\Engine\2D</Filter>
    </ClInclude>
    <ClInclude Include="Engine\2D\ImGuiManager.h">
      <Filter>ヘッダー ファイル\Engine\2D</Filter>
    </ClInclude>
    <ClInclude Include="Engine\3D\Model\ParticleModel.h">
      <Filter>ヘッダー ファイル\Engine\3D\Model</Filter>
    </ClInclude>
    <ClInclude Include="Engine\3D\Model\Model.h">
      <Filter>ヘッダー ファイル\Engine\3D\Model</Filter>
    </ClInclude>
    <ClInclude Include="Engine\3D\Model\Mesh.h">
      <Filter>ヘッダー ファイル\Engine\3D\Model</Filter>
    </ClInclude>
    <ClInclude Include="Engine\3D\Model\Material.h">
      <Filter>ヘッダー ファイル\Engine\3D\Model</Filter>
    </ClInclude>
    <ClInclude Include="Engine\3D\Model\DirectionalLight.h">
      <Filter>ヘッダー ファイル\Engine\3D\Model</Filter>
    </ClInclude>
    <ClInclude Include="Engine\3D\Matrix\ViewProjection.h">
      <Filter>ヘッダー ファイル\Engine\3D\Matrix</Filter>
    </ClInclude>
    <ClInclude Include="Engine\3D\Matrix\WorldTransform.h">
      <Filter>ヘッダー ファイル\Engine\3D\Matrix</Filter>
    </ClInclude>
    <ClInclude Include="Engine\3D\DebugCamera\DebugCamera.h">
      <Filter>ヘッダー ファイル\Engine\3D\DebugCamera</Filter>
    </ClInclude>
    <ClInclude Include="Engine\Base\D3DResourceLeakChecker.h">
      <Filter>ヘッダー ファイル\Engine\Base</Filter>
    </ClInclude>
    <ClInclude Include="Engine\Base\FireControlSystem.h">
      <Filter>ヘッダー ファイル\Engine\Base</Filter>
    </ClInclude>
    <ClInclude Include="Engine\Base\TextureManager.h">
      <Filter>ヘッダー ファイル\Engine\Base</Filter>
    </ClInclude>
    <ClInclude Include="Engine\Base\WinApp.h">
      <Filter>ヘッダー ファイル\Engine\Base</Filter>
    </ClInclude>
    <ClInclude Include="Engine\Components\Audio.h">
      <Filter>ヘッダー ファイル\Engine\Components</Filter>
    </ClInclude>
    <ClInclude Include="Engine\Components\Input.h">
      <Filter>ヘッダー ファイル\Engine\Components</Filter>
    </ClInclude>
    <ClInclude Include="Engine\Components\PostProcess.h">
      <Filter>ヘッダー ファイル\Engine\Components</Filter>
    </ClInclude>
    <ClInclude Include="Engine\Components\Particle\BaseParticle.h">
      <Filter>ヘッダー ファイル\Engine\Components\Particle</Filter>
    </ClInclude>
    <ClInclude Include="Engine\Components\Particle\EmitterBuilder.h">
      <Filter>ヘッダー ファイル\Engine\Components\Particle</Filter>
    </ClInclude>
    <ClInclude Include="Engine\Components\Particle\ParticleEmitter.h">
      <Filter>ヘッダー ファイル\Engine\Components\Particle</Filter>
    </ClInclude>
    <ClInclude Include="Engine\Components\Particle\ParticleSystem.h">
      <Filter>ヘッダー ファイル\Engine\Components\Particle</Filter>
    </ClInclude>
    <ClInclude Include="Engine\Utility\CollisionManager\CollisionManager.h">
      <Filter>ヘッダー ファイル\Engine\Utility\CollisionManager</Filter>
    </ClInclude>
    <ClInclude Include="Engine\Utility\CollisionManager\CollisionConfig.h">
      <Filter>ヘッダー ファイル\Engine\Utility\CollisionManager</Filter>
    </ClInclude>
    <ClInclude Include="Engine\Utility\CollisionManager\Collider.h">
      <Filter>ヘッダー ファイル\Engine\Utility\CollisionManager</Filter>
    </ClInclude>
    <ClInclude Include="Engine\Utility\GlobalVariables.h">
      <Filter>ヘッダー ファイル\Engine\Utility</Filter>
    </ClInclude>
    <ClInclude Include="Engine\Utility\Log.h">
      <Filter>ヘッダー ファイル\Engine\Utility</Filter>
    </ClInclude>
    <ClInclude Include="Engine\Utility\MathFunction.h">
      <Filter>ヘッダー ファイル\Engine\Utility</Filter>
    </ClInclude>
    <ClInclude Include="Engine\Utility\MathStruct.h">
      <Filter>ヘッダー ファイル\Engine\Utility</Filter>
    </ClInclude>
    <ClInclude Include="Engine\Utility\Random.h">
      <Filter>ヘッダー ファイル\Engine\Utility</Filter>
    </ClInclude>
    <ClInclude Include="Engine\Externals\imgui\imconfig.h">
      <Filter>ImGui</Filter>
    </ClInclude>
    <ClInclude Include="Engine\Externals\imgui\imgui.h">
      <Filter>ImGui</Filter>
    </ClInclude>
    <ClInclude Include="Engine\Externals\imgui\imgui_impl_dx12.h">
      <Filter>ImGui</Filter>
    </ClInclude>
    <ClInclude Include="Engine\Externals\imgui\imgui_impl_win32.h">
      <Filter>ImGui</Filter>
    </ClInclude>
    <ClInclude Include="Engine\Externals\imgui\imgui_internal.h">
      <Filter>ImGui</Filter>
    </ClInclude>
    <ClInclude Include="Engine\Externals\imgui\imstb_rectpack.h">
      <Filter>ImGui</Filter>
    </ClInclude>
    <ClInclude Include="Engine\Externals\imgui\imstb_textedit.h">
      <Filter>ImGui</Filter>
    </ClInclude>
    <ClInclude Include="Engine\Externals\imgui\imstb_truetype.h">
      <Filter>ImGui</Filter>
    </ClInclude>
    <ClInclude Include="Project\Game\IScene.h">
      <Filter>ヘッダー ファイル\Project\Game</Filter>
    </ClInclude>
    <ClInclude Include="Project\Game\GameScene.h">
      <Filter>ヘッダー ファイル\Project\Game</Filter>
    </ClInclude>
    <ClInclude Include="Project\Game\GameManager.h">
      <Filter>ヘッダー ファイル\Project\Game</Filter>
    </ClInclude>
    <ClInclude Include="Project\Player\Player.h">
      <Filter>ヘッダー ファイル\Project\Player</Filter>
    </ClInclude>
    <ClInclude Include="Project\Components\GamePad.h">
      <Filter>ヘッダー ファイル</Filter>
    </ClInclude>
    <ClInclude Include="Project\Block.h">
      <Filter>ヘッダー ファイル</Filter>
    </ClInclude>
  </ItemGroup>
  <ItemGroup>
    <Text Include="Engine\Externals\imgui\LICENSE.txt">
      <Filter>ImGui</Filter>
    </Text>
  </ItemGroup>
  <ItemGroup>
    <None Include="Resources\Shader\HorizontalBlur.hlsli">
      <Filter>Shader</Filter>
    </None>
    <None Include="Resources\Shader\MultiPass.hlsli">
      <Filter>Shader</Filter>
    </None>
    <None Include="Resources\Shader\Object3d.hlsli">
      <Filter>Shader</Filter>
    </None>
    <None Include="Resources\Shader\PostProcess.hlsli">
      <Filter>Shader</Filter>
    </None>
    <None Include="Resources\Shader\Sprite.hlsli">
      <Filter>Shader</Filter>
    </None>
    <None Include="Resources\Shader\VerticalBlur.hlsli">
      <Filter>Shader</Filter>
    </None>
  </ItemGroup>
  <ItemGroup>
    <FxCompile Include="Resources\Shader\HorizontalBlurPS.hlsl">
      <Filter>Shader</Filter>
    </FxCompile>
    <FxCompile Include="Resources\Shader\HorizontalBlurVS.hlsl">
      <Filter>Shader</Filter>
    </FxCompile>
    <FxCompile Include="Resources\Shader\MultiPassPS.hlsl">
      <Filter>Shader</Filter>
    </FxCompile>
    <FxCompile Include="Resources\Shader\MultiPassVS.hlsl">
      <Filter>Shader</Filter>
    </FxCompile>
    <FxCompile Include="Resources\Shader\Object3d.PS.hlsl">
      <Filter>Shader</Filter>
    </FxCompile>
    <FxCompile Include="Resources\Shader\Object3d.VS.hlsl">
      <Filter>Shader</Filter>
    </FxCompile>
    <FxCompile Include="Resources\Shader\PostProcessPS.hlsl">
      <Filter>Shader</Filter>
    </FxCompile>
    <FxCompile Include="Resources\Shader\PostProcessVS.hlsl">
      <Filter>Shader</Filter>
    </FxCompile>
    <FxCompile Include="Resources\Shader\SpritePS.hlsl">
      <Filter>Shader</Filter>
    </FxCompile>
    <FxCompile Include="Resources\Shader\SpriteVS.hlsl">
      <Filter>Shader</Filter>
    </FxCompile>
    <FxCompile Include="Resources\Shader\VerticalBlurPS.hlsl">
      <Filter>Shader</Filter>
    </FxCompile>
    <FxCompile Include="Resources\Shader\VerticalBlurVS.hlsl">
      <Filter>Shader</Filter>
    </FxCompile>
  </ItemGroup>
</Project>